
Microsoft Visual Studio Solution File, Format Version 12.00
# Visual Studio Version 16
VisualStudioVersion = 16.0.809.7
MinimumVisualStudioVersion = 10.0.40219.1
Project("{FAE04EC0-301F-11D3-BF4B-00C04F79EFBC}") = "DragDropSample.Android", "DragDropSample.Android\DragDropSample.Android.csproj", "{D61B259A-308A-47DC-AFA5-50A18C627626}"
EndProject
Project("{FAE04EC0-301F-11D3-BF4B-00C04F79EFBC}") = "DragDropSample.iOS", "DragDropSample.iOS\DragDropSample.iOS.csproj", "{217F6BEF-CB1C-42A5-BC3E-4C9135277568}"
EndProject
Project("{FAE04EC0-301F-11D3-BF4B-00C04F79EFBC}") = "DragDropSample", "DragDropSample\DragDropSample.csproj", "{B664D281-E172-4C55-8955-D90FCC578A7B}"
EndProject
Global
	GlobalSection(SolutionConfigurationPlatforms) = preSolution
		Debug|Any CPU = Debug|Any CPU
		Release|Any CPU = Release|Any CPU
		Debug|iPhoneSimulator = Debug|iPhoneSimulator
		Release|iPhoneSimulator = Release|iPhoneSimulator
		Debug|iPhone = Debug|iPhone
		Release|iPhone = Release|iPhone
	EndGlobalSection
	GlobalSection(ProjectConfigurationPlatforms) = postSolution
		{D61B259A-308A-47DC-AFA5-50A18C627626}.Debug|Any CPU.ActiveCfg = Debug|Any CPU
		{D61B259A-308A-47DC-AFA5-50A18C627626}.Debug|Any CPU.Build.0 = Debug|Any CPU
		{D61B259A-308A-47DC-AFA5-50A18C627626}.Release|Any CPU.ActiveCfg = Release|Any CPU
		{D61B259A-308A-47DC-AFA5-50A18C627626}.Release|Any CPU.Build.0 = Release|Any CPU
		{D61B259A-308A-47DC-AFA5-50A18C627626}.Debug|iPhoneSimulator.ActiveCfg = Debug|Any CPU
		{D61B259A-308A-47DC-AFA5-50A18C627626}.Debug|iPhoneSimulator.Build.0 = Debug|Any CPU
		{D61B259A-308A-47DC-AFA5-50A18C627626}.Release|iPhoneSimulator.ActiveCfg = Release|Any CPU
		{D61B259A-308A-47DC-AFA5-50A18C627626}.Release|iPhoneSimulator.Build.0 = Release|Any CPU
		{D61B259A-308A-47DC-AFA5-50A18C627626}.Debug|iPhone.ActiveCfg = Debug|Any CPU
		{D61B259A-308A-47DC-AFA5-50A18C627626}.Debug|iPhone.Build.0 = Debug|Any CPU
		{D61B259A-308A-47DC-AFA5-50A18C627626}.Release|iPhone.ActiveCfg = Release|Any CPU
		{D61B259A-308A-47DC-AFA5-50A18C627626}.Release|iPhone.Build.0 = Release|Any CPU
		{217F6BEF-CB1C-42A5-BC3E-4C9135277568}.Debug|Any CPU.ActiveCfg = Debug|iPhoneSimulator
		{217F6BEF-CB1C-42A5-BC3E-4C9135277568}.Debug|Any CPU.Build.0 = Debug|iPhoneSimulator
		{217F6BEF-CB1C-42A5-BC3E-4C9135277568}.Release|Any CPU.ActiveCfg = Release|iPhoneSimulator
		{217F6BEF-CB1C-42A5-BC3E-4C9135277568}.Release|Any CPU.Build.0 = Release|iPhoneSimulator
		{217F6BEF-CB1C-42A5-BC3E-4C9135277568}.Debug|iPhoneSimulator.ActiveCfg = Debug|iPhoneSimulator
		{217F6BEF-CB1C-42A5-BC3E-4C9135277568}.Debug|iPhoneSimulator.Build.0 = Debug|iPhoneSimulator
		{217F6BEF-CB1C-42A5-BC3E-4C9135277568}.Release|iPhoneSimulator.ActiveCfg = Release|iPhoneSimulator
		{217F6BEF-CB1C-42A5-BC3E-4C9135277568}.Release|iPhoneSimulator.Build.0 = Release|iPhoneSimulator
		{217F6BEF-CB1C-42A5-BC3E-4C9135277568}.Debug|iPhone.ActiveCfg = Debug|iPhone
		{217F6BEF-CB1C-42A5-BC3E-4C9135277568}.Debug|iPhone.Build.0 = Debug|iPhone
		{217F6BEF-CB1C-42A5-BC3E-4C9135277568}.Release|iPhone.ActiveCfg = Release|iPhone
		{217F6BEF-CB1C-42A5-BC3E-4C9135277568}.Release|iPhone.Build.0 = Release|iPhone
		{B664D281-E172-4C55-8955-D90FCC578A7B}.Debug|Any CPU.ActiveCfg = Debug|Any CPU
		{B664D281-E172-4C55-8955-D90FCC578A7B}.Debug|Any CPU.Build.0 = Debug|Any CPU
		{B664D281-E172-4C55-8955-D90FCC578A7B}.Release|Any CPU.ActiveCfg = Release|Any CPU
		{B664D281-E172-4C55-8955-D90FCC578A7B}.Release|Any CPU.Build.0 = Release|Any CPU
		{B664D281-E172-4C55-8955-D90FCC578A7B}.Debug|iPhoneSimulator.ActiveCfg = Debug|Any CPU
		{B664D281-E172-4C55-8955-D90FCC578A7B}.Debug|iPhoneSimulator.Build.0 = Debug|Any CPU
		{B664D281-E172-4C55-8955-D90FCC578A7B}.Release|iPhoneSimulator.ActiveCfg = Release|Any CPU
		{B664D281-E172-4C55-8955-D90FCC578A7B}.Release|iPhoneSimulator.Build.0 = Release|Any CPU
		{B664D281-E172-4C55-8955-D90FCC578A7B}.Debug|iPhone.ActiveCfg = Debug|Any CPU
		{B664D281-E172-4C55-8955-D90FCC578A7B}.Debug|iPhone.Build.0 = Debug|Any CPU
		{B664D281-E172-4C55-8955-D90FCC578A7B}.Release|iPhone.ActiveCfg = Release|Any CPU
		{B664D281-E172-4C55-8955-D90FCC578A7B}.Release|iPhone.Build.0 = Release|Any CPU
	EndGlobalSection
	GlobalSection(SolutionProperties) = preSolution
		HideSolutionNode = FALSE
	EndGlobalSection
	GlobalSection(ExtensibilityGlobals) = postSolution
		SolutionGuid = {DAF06C3C-FBC5-4D7D-BB8A-8323C70D59B6}
	EndGlobalSection
EndGlobal
